Microsoft Visual Studio Solution File, Format Version 12.00
# Visual Studio 2012
Project("{FAE04EC0-301F-11D3-BF4B-00C04F79EFBC}") = "Godot_GameJam", "Godot_GameJam.csproj", "{7C3E43FD-2235-41CC-B2A0-54CD3FE00334}"
EndProject
Global
	GlobalSection(SolutionConfigurationPlatforms) = preSolution
	Debug|Any CPU = Debug|Any CPU
	ExportDebug|Any CPU = ExportDebug|Any CPU
	ExportRelease|Any CPU = ExportRelease|Any CPU
	EndGlobalSection
	GlobalSection(ProjectConfigurationPlatforms) = postSolution
		{7C3E43FD-2235-41CC-B2A0-54CD3FE00334}.Debug|Any CPU.ActiveCfg = Debug|Any CPU
		{7C3E43FD-2235-41CC-B2A0-54CD3FE00334}.Debug|Any CPU.Build.0 = Debug|Any CPU
		{7C3E43FD-2235-41CC-B2A0-54CD3FE00334}.ExportDebug|Any CPU.ActiveCfg = ExportDebug|Any CPU
		{7C3E43FD-2235-41CC-B2A0-54CD3FE00334}.ExportDebug|Any CPU.Build.0 = ExportDebug|Any CPU
		{7C3E43FD-2235-41CC-B2A0-54CD3FE00334}.ExportRelease|Any CPU.ActiveCfg = ExportRelease|Any CPU
		{7C3E43FD-2235-41CC-B2A0-54CD3FE00334}.ExportRelease|Any CPU.Build.0 = ExportRelease|Any CPU
	EndGlobalSection
EndGlobal
